
Microsoft Visual Studio Solution File, Format Version 12.00
# Visual Studio Version 17
VisualStudioVersion = 17.2.32526.322
MinimumVisualStudioVersion = 10.0.40219.1
Project("{FAE04EC0-301F-11D3-BF4B-00C04F79EFBC}") = "DevFreela.Payments.API", "DevFreela.Payments.API\DevFreela.Payments.API.csproj", "{64844447-2C21-49C5-A40C-A654E835254C}"
EndProject
Global
	GlobalSection(SolutionConfigurationPlatforms) = preSolution
		Debug|Any CPU = Debug|Any CPU
		Release|Any CPU = Release|Any CPU
	EndGlobalSection
	GlobalSection(ProjectConfigurationPlatforms) = postSolution
		{64844447-2C21-49C5-A40C-A654E835254C}.Debug|Any CPU.ActiveCfg = Debug|Any CPU
		{64844447-2C21-49C5-A40C-A654E835254C}.Debug|Any CPU.Build.0 = Debug|Any CPU
		{64844447-2C21-49C5-A40C-A654E835254C}.Release|Any CPU.ActiveCfg = Release|Any CPU
		{64844447-2C21-49C5-A40C-A654E835254C}.Release|Any CPU.Build.0 = Release|Any CPU
	EndGlobalSection
	GlobalSection(SolutionProperties) = preSolution
		HideSolutionNode = FALSE
	EndGlobalSection
	GlobalSection(ExtensibilityGlobals) = postSolution
		SolutionGuid = {78B5C9DD-F0AF-4203-A6ED-7619D14DF56F}
	EndGlobalSection
EndGlobal
